
Microsoft Visual Studio Solution File, Format Version 12.00
# Visual Studio Version 16
VisualStudioVersion = 16.0.808.7
MinimumVisualStudioVersion = 10.0.40219.1
Project("{FAE04EC0-301F-11D3-BF4B-00C04F79EFBC}") = "Instagram_2", "Instagram_2\Instagram_2.csproj", "{5FAC0BAA-BF47-4923-8A00-2D38970FB595}"
EndProject
Global
	GlobalSection(SolutionConfigurationPlatforms) = preSolution
		Debug|Any CPU = Debug|Any CPU
		Release|Any CPU = Release|Any CPU
	EndGlobalSection
	GlobalSection(ProjectConfigurationPlatforms) = postSolution
		{5FAC0BAA-BF47-4923-8A00-2D38970FB595}.Debug|Any CPU.ActiveCfg = Debug|Any CPU
		{5FAC0BAA-BF47-4923-8A00-2D38970FB595}.Debug|Any CPU.Build.0 = Debug|Any CPU
		{5FAC0BAA-BF47-4923-8A00-2D38970FB595}.Release|Any CPU.ActiveCfg = Release|Any CPU
		{5FAC0BAA-BF47-4923-8A00-2D38970FB595}.Release|Any CPU.Build.0 = Release|Any CPU
	EndGlobalSection
	GlobalSection(SolutionProperties) = preSolution
		HideSolutionNode = FALSE
	EndGlobalSection
	GlobalSection(ExtensibilityGlobals) = postSolution
		SolutionGuid = {D4CB2752-2451-41A3-BC36-633095A16B9B}
	EndGlobalSection
EndGlobal
